
Microsoft Visual Studio Solution File, Format Version 12.00
# Visual Studio Version 17
VisualStudioVersion = 17.0.31903.59
MinimumVisualStudioVersion = 10.0.40219.1
Project("{FAE04EC0-301F-11D3-BF4B-00C04F79EFBC}") = "ALKScript.Interpreter.Console", "ALKScript.Interpreter.Console\ALKScript.Interpreter.Console.csproj", "{281901DE-B36A-4A94-AAD6-30431810AC81}"
EndProject
Project("{FAE04EC0-301F-11D3-BF4B-00C04F79EFBC}") = "ALKScript.Interpreter.Lexer", "ALKScript.Interpreter.Lexer\ALKScript.Interpreter.Lexer.csproj", "{6437C35D-EB4A-4456-8C43-CBA03D6F8891}"
EndProject
Project("{2150E333-8FDC-42A3-9474-1A3956D46DE8}") = "Tests", "Tests", "{0AB3BF05-4346-4AA6-1389-037BE0695223}"
EndProject
Project("{FAE04EC0-301F-11D3-BF4B-00C04F79EFBC}") = "Tests.ALKScript.Interpreter.Lexer", "Tests\Tests.ALKScript.Interpreter.Lexer\Tests.ALKScript.Interpreter.Lexer.csproj", "{E83CD3F9-497D-4D4C-AA7E-AB4F5AF4623B}"
EndProject
Project("{FAE04EC0-301F-11D3-BF4B-00C04F79EFBC}") = "ALKScript.Interpreter.Common", "ALKScript.Interpreter.Common\ALKScript.Interpreter.Common.csproj", "{BC4AADC7-5351-429E-93CE-5429992C22A3}"
EndProject
Project("{FAE04EC0-301F-11D3-BF4B-00C04F79EFBC}") = "ALKScript.Interpreter.Parser", "ALKScript.Interpreter.Parser\ALKScript.Interpreter.Parser.csproj", "{F452736D-DD5E-4A71-A24C-170C8980E4EE}"
EndProject
Project("{FAE04EC0-301F-11D3-BF4B-00C04F79EFBC}") = "Tests.ALKScript.Interpreter.Parser", "Tests\Tests.ALKScript.Interpreter.Parser\Tests.ALKScript.Interpreter.Parser.csproj", "{5DEA035F-898F-4164-BCCE-C1EF832A2F4F}"
EndProject
Project("{FAE04EC0-301F-11D3-BF4B-00C04F79EFBC}") = "ALKScript.Interpreter.Evaluator", "ALKScript.Interpreter.Evaluator\ALKScript.Interpreter.Evaluator.csproj", "{86B75110-16AC-4A46-8B99-5CA042A18D83}"
EndProject
Project("{FAE04EC0-301F-11D3-BF4B-00C04F79EFBC}") = "Tests.ALKScript.Interpreter.Evaluator", "Tests\Tests.ALKScript.Interpreter.Evaluator\Tests.ALKScript.Interpreter.Evaluator.csproj", "{2F914A7C-9A06-44D0-B20B-FD587D5CDAE4}"
EndProject
Global
	GlobalSection(SolutionConfigurationPlatforms) = preSolution
		Debug|Any CPU = Debug|Any CPU
		Debug|x64 = Debug|x64
		Debug|x86 = Debug|x86
		Release|Any CPU = Release|Any CPU
		Release|x64 = Release|x64
		Release|x86 = Release|x86
	EndGlobalSection
	GlobalSection(ProjectConfigurationPlatforms) = postSolution
		{281901DE-B36A-4A94-AAD6-30431810AC81}.Debug|Any CPU.ActiveCfg = Debug|Any CPU
		{281901DE-B36A-4A94-AAD6-30431810AC81}.Debug|Any CPU.Build.0 = Debug|Any CPU
		{281901DE-B36A-4A94-AAD6-30431810AC81}.Debug|x64.ActiveCfg = Debug|Any CPU
		{281901DE-B36A-4A94-AAD6-30431810AC81}.Debug|x64.Build.0 = Debug|Any CPU
		{281901DE-B36A-4A94-AAD6-30431810AC81}.Debug|x86.ActiveCfg = Debug|Any CPU
		{281901DE-B36A-4A94-AAD6-30431810AC81}.Debug|x86.Build.0 = Debug|Any CPU
		{281901DE-B36A-4A94-AAD6-30431810AC81}.Release|Any CPU.ActiveCfg = Release|Any CPU
		{281901DE-B36A-4A94-AAD6-30431810AC81}.Release|Any CPU.Build.0 = Release|Any CPU
		{281901DE-B36A-4A94-AAD6-30431810AC81}.Release|x64.ActiveCfg = Release|Any CPU
		{281901DE-B36A-4A94-AAD6-30431810AC81}.Release|x64.Build.0 = Release|Any CPU
		{281901DE-B36A-4A94-AAD6-30431810AC81}.Release|x86.ActiveCfg = Release|Any CPU
		{281901DE-B36A-4A94-AAD6-30431810AC81}.Release|x86.Build.0 = Release|Any CPU
		{6437C35D-EB4A-4456-8C43-CBA03D6F8891}.Debug|Any CPU.ActiveCfg = Debug|Any CPU
		{6437C35D-EB4A-4456-8C43-CBA03D6F8891}.Debug|Any CPU.Build.0 = Debug|Any CPU
		{6437C35D-EB4A-4456-8C43-CBA03D6F8891}.Debug|x64.ActiveCfg = Debug|Any CPU
		{6437C35D-EB4A-4456-8C43-CBA03D6F8891}.Debug|x64.Build.0 = Debug|Any CPU
		{6437C35D-EB4A-4456-8C43-CBA03D6F8891}.Debug|x86.ActiveCfg = Debug|Any CPU
		{6437C35D-EB4A-4456-8C43-CBA03D6F8891}.Debug|x86.Build.0 = Debug|Any CPU
		{6437C35D-EB4A-4456-8C43-CBA03D6F8891}.Release|Any CPU.ActiveCfg = Release|Any CPU
		{6437C35D-EB4A-4456-8C43-CBA03D6F8891}.Release|Any CPU.Build.0 = Release|Any CPU
		{6437C35D-EB4A-4456-8C43-CBA03D6F8891}.Release|x64.ActiveCfg = Release|Any CPU
		{6437C35D-EB4A-4456-8C43-CBA03D6F8891}.Release|x64.Build.0 = Release|Any CPU
		{6437C35D-EB4A-4456-8C43-CBA03D6F8891}.Release|x86.ActiveCfg = Release|Any CPU
		{6437C35D-EB4A-4456-8C43-CBA03D6F8891}.Release|x86.Build.0 = Release|Any CPU
		{E83CD3F9-497D-4D4C-AA7E-AB4F5AF4623B}.Debug|Any CPU.ActiveCfg = Debug|Any CPU
		{E83CD3F9-497D-4D4C-AA7E-AB4F5AF4623B}.Debug|Any CPU.Build.0 = Debug|Any CPU
		{E83CD3F9-497D-4D4C-AA7E-AB4F5AF4623B}.Debug|x64.ActiveCfg = Debug|Any CPU
		{E83CD3F9-497D-4D4C-AA7E-AB4F5AF4623B}.Debug|x64.Build.0 = Debug|Any CPU
		{E83CD3F9-497D-4D4C-AA7E-AB4F5AF4623B}.Debug|x86.ActiveCfg = Debug|Any CPU
		{E83CD3F9-497D-4D4C-AA7E-AB4F5AF4623B}.Debug|x86.Build.0 = Debug|Any CPU
		{E83CD3F9-497D-4D4C-AA7E-AB4F5AF4623B}.Release|Any CPU.ActiveCfg = Release|Any CPU
		{E83CD3F9-497D-4D4C-AA7E-AB4F5AF4623B}.Release|Any CPU.Build.0 = Release|Any CPU
		{E83CD3F9-497D-4D4C-AA7E-AB4F5AF4623B}.Release|x64.ActiveCfg = Release|Any CPU
		{E83CD3F9-497D-4D4C-AA7E-AB4F5AF4623B}.Release|x64.Build.0 = Release|Any CPU
		{E83CD3F9-497D-4D4C-AA7E-AB4F5AF4623B}.Release|x86.ActiveCfg = Release|Any CPU
		{E83CD3F9-497D-4D4C-AA7E-AB4F5AF4623B}.Release|x86.Build.0 = Release|Any CPU
		{BC4AADC7-5351-429E-93CE-5429992C22A3}.Debug|Any CPU.ActiveCfg = Debug|Any CPU
		{BC4AADC7-5351-429E-93CE-5429992C22A3}.Debug|Any CPU.Build.0 = Debug|Any CPU
		{BC4AADC7-5351-429E-93CE-5429992C22A3}.Debug|x64.ActiveCfg = Debug|Any CPU
		{BC4AADC7-5351-429E-93CE-5429992C22A3}.Debug|x64.Build.0 = Debug|Any CPU
		{BC4AADC7-5351-429E-93CE-5429992C22A3}.Debug|x86.ActiveCfg = Debug|Any CPU
		{BC4AADC7-5351-429E-93CE-5429992C22A3}.Debug|x86.Build.0 = Debug|Any CPU
		{BC4AADC7-5351-429E-93CE-5429992C22A3}.Release|Any CPU.ActiveCfg = Release|Any CPU
		{BC4AADC7-5351-429E-93CE-5429992C22A3}.Release|Any CPU.Build.0 = Release|Any CPU
		{BC4AADC7-5351-429E-93CE-5429992C22A3}.Release|x64.ActiveCfg = Release|Any CPU
		{BC4AADC7-5351-429E-93CE-5429992C22A3}.Release|x64.Build.0 = Release|Any CPU
		{BC4AADC7-5351-429E-93CE-5429992C22A3}.Release|x86.ActiveCfg = Release|Any CPU
		{BC4AADC7-5351-429E-93CE-5429992C22A3}.Release|x86.Build.0 = Release|Any CPU
		{F452736D-DD5E-4A71-A24C-170C8980E4EE}.Debug|Any CPU.ActiveCfg = Debug|Any CPU
		{F452736D-DD5E-4A71-A24C-170C8980E4EE}.Debug|Any CPU.Build.0 = Debug|Any CPU
		{F452736D-DD5E-4A71-A24C-170C8980E4EE}.Debug|x64.ActiveCfg = Debug|Any CPU
		{F452736D-DD5E-4A71-A24C-170C8980E4EE}.Debug|x64.Build.0 = Debug|Any CPU
		{F452736D-DD5E-4A71-A24C-170C8980E4EE}.Debug|x86.ActiveCfg = Debug|Any CPU
		{F452736D-DD5E-4A71-A24C-170C8980E4EE}.Debug|x86.Build.0 = Debug|Any CPU
		{F452736D-DD5E-4A71-A24C-170C8980E4EE}.Release|Any CPU.ActiveCfg = Release|Any CPU
		{F452736D-DD5E-4A71-A24C-170C8980E4EE}.Release|Any CPU.Build.0 = Release|Any CPU
		{F452736D-DD5E-4A71-A24C-170C8980E4EE}.Release|x64.ActiveCfg = Release|Any CPU
		{F452736D-DD5E-4A71-A24C-170C8980E4EE}.Release|x64.Build.0 = Release|Any CPU
		{F452736D-DD5E-4A71-A24C-170C8980E4EE}.Release|x86.ActiveCfg = Release|Any CPU
		{F452736D-DD5E-4A71-A24C-170C8980E4EE}.Release|x86.Build.0 = Release|Any CPU
		{5DEA035F-898F-4164-BCCE-C1EF832A2F4F}.Debug|Any CPU.ActiveCfg = Debug|Any CPU
		{5DEA035F-898F-4164-BCCE-C1EF832A2F4F}.Debug|Any CPU.Build.0 = Debug|Any CPU
		{5DEA035F-898F-4164-BCCE-C1EF832A2F4F}.Debug|x64.ActiveCfg = Debug|Any CPU
		{5DEA035F-898F-4164-BCCE-C1EF832A2F4F}.Debug|x64.Build.0 = Debug|Any CPU
		{5DEA035F-898F-4164-BCCE-C1EF832A2F4F}.Debug|x86.ActiveCfg = Debug|Any CPU
		{5DEA035F-898F-4164-BCCE-C1EF832A2F4F}.Debug|x86.Build.0 = Debug|Any CPU
		{5DEA035F-898F-4164-BCCE-C1EF832A2F4F}.Release|Any CPU.ActiveCfg = Release|Any CPU
		{5DEA035F-898F-4164-BCCE-C1EF832A2F4F}.Release|Any CPU.Build.0 = Release|Any CPU
		{5DEA035F-898F-4164-BCCE-C1EF832A2F4F}.Release|x64.ActiveCfg = Release|Any CPU
		{5DEA035F-898F-4164-BCCE-C1EF832A2F4F}.Release|x64.Build.0 = Release|Any CPU
		{5DEA035F-898F-4164-BCCE-C1EF832A2F4F}.Release|x86.ActiveCfg = Release|Any CPU
		{5DEA035F-898F-4164-BCCE-C1EF832A2F4F}.Release|x86.Build.0 = Release|Any CPU
		{86B75110-16AC-4A46-8B99-5CA042A18D83}.Debug|Any CPU.ActiveCfg = Debug|Any CPU
		{86B75110-16AC-4A46-8B99-5CA042A18D83}.Debug|Any CPU.Build.0 = Debug|Any CPU
		{86B75110-16AC-4A46-8B99-5CA042A18D83}.Debug|x64.ActiveCfg = Debug|Any CPU
		{86B75110-16AC-4A46-8B99-5CA042A18D83}.Debug|x64.Build.0 = Debug|Any CPU
		{86B75110-16AC-4A46-8B99-5CA042A18D83}.Debug|x86.ActiveCfg = Debug|Any CPU
		{86B75110-16AC-4A46-8B99-5CA042A18D83}.Debug|x86.Build.0 = Debug|Any CPU
		{86B75110-16AC-4A46-8B99-5CA042A18D83}.Release|Any CPU.ActiveCfg = Release|Any CPU
		{86B75110-16AC-4A46-8B99-5CA042A18D83}.Release|Any CPU.Build.0 = Release|Any CPU
		{86B75110-16AC-4A46-8B99-5CA042A18D83}.Release|x64.ActiveCfg = Release|Any CPU
		{86B75110-16AC-4A46-8B99-5CA042A18D83}.Release|x64.Build.0 = Release|Any CPU
		{86B75110-16AC-4A46-8B99-5CA042A18D83}.Release|x86.ActiveCfg = Release|Any CPU
		{86B75110-16AC-4A46-8B99-5CA042A18D83}.Release|x86.Build.0 = Release|Any CPU
		{2F914A7C-9A06-44D0-B20B-FD587D5CDAE4}.Debug|Any CPU.ActiveCfg = Debug|Any CPU
		{2F914A7C-9A06-44D0-B20B-FD587D5CDAE4}.Debug|Any CPU.Build.0 = Debug|Any CPU
		{2F914A7C-9A06-44D0-B20B-FD587D5CDAE4}.Debug|x64.ActiveCfg = Debug|Any CPU
		{2F914A7C-9A06-44D0-B20B-FD587D5CDAE4}.Debug|x64.Build.0 = Debug|Any CPU
		{2F914A7C-9A06-44D0-B20B-FD587D5CDAE4}.Debug|x86.ActiveCfg = Debug|Any CPU
		{2F914A7C-9A06-44D0-B20B-FD587D5CDAE4}.Debug|x86.Build.0 = Debug|Any CPU
		{2F914A7C-9A06-44D0-B20B-FD587D5CDAE4}.Release|Any CPU.ActiveCfg = Release|Any CPU
		{2F914A7C-9A06-44D0-B20B-FD587D5CDAE4}.Release|Any CPU.Build.0 = Release|Any CPU
		{2F914A7C-9A06-44D0-B20B-FD587D5CDAE4}.Release|x64.ActiveCfg = Release|Any CPU
		{2F914A7C-9A06-44D0-B20B-FD587D5CDAE4}.Release|x64.Build.0 = Release|Any CPU
		{2F914A7C-9A06-44D0-B20B-FD587D5CDAE4}.Release|x86.ActiveCfg = Release|Any CPU
		{2F914A7C-9A06-44D0-B20B-FD587D5CDAE4}.Release|x86.Build.0 = Release|Any CPU
	EndGlobalSection
	GlobalSection(SolutionProperties) = preSolution
		HideSolutionNode = FALSE
	EndGlobalSection
	GlobalSection(NestedProjects) = preSolution
		{E83CD3F9-497D-4D4C-AA7E-AB4F5AF4623B} = {0AB3BF05-4346-4AA6-1389-037BE0695223}
		{5DEA035F-898F-4164-BCCE-C1EF832A2F4F} = {0AB3BF05-4346-4AA6-1389-037BE0695223}
		{2F914A7C-9A06-44D0-B20B-FD587D5CDAE4} = {0AB3BF05-4346-4AA6-1389-037BE0695223}
	EndGlobalSection
EndGlobal
